
Microsoft Visual Studio Solution File, Format Version 12.00
# Visual Studio Version 17
VisualStudioVersion = 17.14.36109.1 d17.14
MinimumVisualStudioVersion = 10.0.40219.1
Project("{FAE04EC0-301F-11D3-BF4B-00C04F79EFBC}") = "Dsw2025Ej14.Api", "Dsw2025Ej14.Api\Dsw2025Ej14.Api.csproj", "{D327A20A-D9FE-4920-BE3E-EDA5C2C1D949}"
EndProject
Global
	GlobalSection(SolutionConfigurationPlatforms) = preSolution
		Debug|Any CPU = Debug|Any CPU
		Release|Any CPU = Release|Any CPU
	EndGlobalSection
	GlobalSection(ProjectConfigurationPlatforms) = postSolution
		{D327A20A-D9FE-4920-BE3E-EDA5C2C1D949}.Debug|Any CPU.ActiveCfg = Debug|Any CPU
		{D327A20A-D9FE-4920-BE3E-EDA5C2C1D949}.Debug|Any CPU.Build.0 = Debug|Any CPU
		{D327A20A-D9FE-4920-BE3E-EDA5C2C1D949}.Release|Any CPU.ActiveCfg = Release|Any CPU
		{D327A20A-D9FE-4920-BE3E-EDA5C2C1D949}.Release|Any CPU.Build.0 = Release|Any CPU
	EndGlobalSection
	GlobalSection(SolutionProperties) = preSolution
		HideSolutionNode = FALSE
	EndGlobalSection
	GlobalSection(ExtensibilityGlobals) = postSolution
		SolutionGuid = {91619D60-6572-4CFA-AD5A-B21792192DCC}
	EndGlobalSection
EndGlobal
